
Microsoft Visual Studio Solution File, Format Version 12.00
# Visual Studio Version 17
VisualStudioVersion = 17.6.33815.320
MinimumVisualStudioVersion = 10.0.40219.1
Project("{9A19103F-16F7-4668-BE54-9A1E7A4F7556}") = "NZWalks.API", "NZWalks.API\NZWalks.API.csproj", "{B35EB09F-786E-4824-999C-EC9EC3F87F5E}"
EndProject
Project("{FAE04EC0-301F-11D3-BF4B-00C04F79EFBC}") = "NZWalks.UI", "NZWalks.UI\NZWalks.UI.csproj", "{DF230F4D-0D00-4AEE-B8AD-AFA4B0FD5D88}"
EndProject
Global
	GlobalSection(SolutionConfigurationPlatforms) = preSolution
		Debug|Any CPU = Debug|Any CPU
		Release|Any CPU = Release|Any CPU
	EndGlobalSection
	GlobalSection(ProjectConfigurationPlatforms) = postSolution
		{B35EB09F-786E-4824-999C-EC9EC3F87F5E}.Debug|Any CPU.ActiveCfg = Debug|Any CPU
		{B35EB09F-786E-4824-999C-EC9EC3F87F5E}.Debug|Any CPU.Build.0 = Debug|Any CPU
		{B35EB09F-786E-4824-999C-EC9EC3F87F5E}.Release|Any CPU.ActiveCfg = Release|Any CPU
		{B35EB09F-786E-4824-999C-EC9EC3F87F5E}.Release|Any CPU.Build.0 = Release|Any CPU
		{DF230F4D-0D00-4AEE-B8AD-AFA4B0FD5D88}.Debug|Any CPU.ActiveCfg = Debug|Any CPU
		{DF230F4D-0D00-4AEE-B8AD-AFA4B0FD5D88}.Debug|Any CPU.Build.0 = Debug|Any CPU
		{DF230F4D-0D00-4AEE-B8AD-AFA4B0FD5D88}.Release|Any CPU.ActiveCfg = Release|Any CPU
		{DF230F4D-0D00-4AEE-B8AD-AFA4B0FD5D88}.Release|Any CPU.Build.0 = Release|Any CPU
	EndGlobalSection
	GlobalSection(SolutionProperties) = preSolution
		HideSolutionNode = FALSE
	EndGlobalSection
	GlobalSection(ExtensibilityGlobals) = postSolution
		SolutionGuid = {EC668D67-D860-426A-B3E4-14DC96F27F21}
	EndGlobalSection
EndGlobal
